
Microsoft Visual Studio Solution File, Format Version 12.00
# Visual Studio Version 17
VisualStudioVersion = 17.2.32616.157
MinimumVisualStudioVersion = 10.0.40219.1
Project("{FAE04EC0-301F-11D3-BF4B-00C04F79EFBC}") = "project", "project\project.csproj", "{D75C84EF-2D9F-4BBD-B0E8-1AF993D423AB}"
EndProject
Global
	GlobalSection(SolutionConfigurationPlatforms) = preSolution
		Debug|Any CPU = Debug|Any CPU
		Release|Any CPU = Release|Any CPU
	EndGlobalSection
	GlobalSection(ProjectConfigurationPlatforms) = postSolution
		{D75C84EF-2D9F-4BBD-B0E8-1AF993D423AB}.Debug|Any CPU.ActiveCfg = Debug|Any CPU
		{D75C84EF-2D9F-4BBD-B0E8-1AF993D423AB}.Debug|Any CPU.Build.0 = Debug|Any CPU
		{D75C84EF-2D9F-4BBD-B0E8-1AF993D423AB}.Release|Any CPU.ActiveCfg = Release|Any CPU
		{D75C84EF-2D9F-4BBD-B0E8-1AF993D423AB}.Release|Any CPU.Build.0 = Release|Any CPU
	EndGlobalSection
	GlobalSection(SolutionProperties) = preSolution
		HideSolutionNode = FALSE
	EndGlobalSection
	GlobalSection(ExtensibilityGlobals) = postSolution
		SolutionGuid = {14DD9BE8-43C2-4C20-B6FF-F2002E558ABC}
	EndGlobalSection
EndGlobal
